
Microsoft Visual Studio Solution File, Format Version 12.00
# Visual Studio Version 16
VisualStudioVersion = 16.0.30204.135
MinimumVisualStudioVersion = 10.0.40219.1
Project("{FAE04EC0-301F-11D3-BF4B-00C04F79EFBC}") = "DZ5 FILES", "DZ5 FILES\DZ5 FILES.csproj", "{B1C4B6F9-A21E-437C-A20A-6CEBA0F0DF88}"
EndProject
Global
	GlobalSection(SolutionConfigurationPlatforms) = preSolution
		Debug|Any CPU = Debug|Any CPU
		Release|Any CPU = Release|Any CPU
	EndGlobalSection
	GlobalSection(ProjectConfigurationPlatforms) = postSolution
		{B1C4B6F9-A21E-437C-A20A-6CEBA0F0DF88}.Debug|Any CPU.ActiveCfg = Debug|Any CPU
		{B1C4B6F9-A21E-437C-A20A-6CEBA0F0DF88}.Debug|Any CPU.Build.0 = Debug|Any CPU
		{B1C4B6F9-A21E-437C-A20A-6CEBA0F0DF88}.Release|Any CPU.ActiveCfg = Release|Any CPU
		{B1C4B6F9-A21E-437C-A20A-6CEBA0F0DF88}.Release|Any CPU.Build.0 = Release|Any CPU
	EndGlobalSection
	GlobalSection(SolutionProperties) = preSolution
		HideSolutionNode = FALSE
	EndGlobalSection
	GlobalSection(ExtensibilityGlobals) = postSolution
		SolutionGuid = {65BFB930-945B-4D3D-B424-658492E1121B}
	EndGlobalSection
EndGlobal
